
Microsoft Visual Studio Solution File, Format Version 12.00
# Visual Studio 2012
Project("{F2A71F9B-5D33-465A-A702-920D77279786}") = "InterpeterL", "InterpeterL\InterpeterL.fsproj", "{6F8C7BEF-6B96-4BB6-A75A-B6E1C9EF40ED}"
EndProject
Project("{F2A71F9B-5D33-465A-A702-920D77279786}") = "Tests", "Tests\Tests.fsproj", "{50499D7E-C766-468B-AA88-34DA347167AF}"
EndProject
Global
	GlobalSection(SolutionConfigurationPlatforms) = preSolution
		Debug|Any CPU = Debug|Any CPU
		Release|Any CPU = Release|Any CPU
	EndGlobalSection
	GlobalSection(ProjectConfigurationPlatforms) = postSolution
		{6F8C7BEF-6B96-4BB6-A75A-B6E1C9EF40ED}.Debug|Any CPU.ActiveCfg = Debug|Any CPU
		{6F8C7BEF-6B96-4BB6-A75A-B6E1C9EF40ED}.Debug|Any CPU.Build.0 = Debug|Any CPU
		{6F8C7BEF-6B96-4BB6-A75A-B6E1C9EF40ED}.Release|Any CPU.ActiveCfg = Release|Any CPU
		{6F8C7BEF-6B96-4BB6-A75A-B6E1C9EF40ED}.Release|Any CPU.Build.0 = Release|Any CPU
		{50499D7E-C766-468B-AA88-34DA347167AF}.Debug|Any CPU.ActiveCfg = Debug|Any CPU
		{50499D7E-C766-468B-AA88-34DA347167AF}.Debug|Any CPU.Build.0 = Debug|Any CPU
		{50499D7E-C766-468B-AA88-34DA347167AF}.Release|Any CPU.ActiveCfg = Release|Any CPU
		{50499D7E-C766-468B-AA88-34DA347167AF}.Release|Any CPU.Build.0 = Release|Any CPU
	EndGlobalSection
	GlobalSection(SolutionProperties) = preSolution
		HideSolutionNode = FALSE
	EndGlobalSection
EndGlobal
