
Microsoft Visual Studio Solution File, Format Version 12.00
# Visual Studio 2013
VisualStudioVersion = 12.0.21005.1
MinimumVisualStudioVersion = 10.0.40219.1
Project("{F2A71F9B-5D33-465A-A702-920D77279786}") = "CalculatorGUI", "CalculatorGUI\CalculatorGUI.fsproj", "{19614802-7966-4D18-979C-77718A956765}"
EndProject
Project("{F2A71F9B-5D33-465A-A702-920D77279786}") = "Tests", "Tests\Tests.fsproj", "{59695FB5-4155-48ED-8207-B25804B909DE}"
EndProject
Global
	GlobalSection(SolutionConfigurationPlatforms) = preSolution
		Debug|Any CPU = Debug|Any CPU
		Release|Any CPU = Release|Any CPU
	EndGlobalSection
	GlobalSection(ProjectConfigurationPlatforms) = postSolution
		{19614802-7966-4D18-979C-77718A956765}.Debug|Any CPU.ActiveCfg = Debug|Any CPU
		{19614802-7966-4D18-979C-77718A956765}.Debug|Any CPU.Build.0 = Debug|Any CPU
		{19614802-7966-4D18-979C-77718A956765}.Release|Any CPU.ActiveCfg = Release|Any CPU
		{19614802-7966-4D18-979C-77718A956765}.Release|Any CPU.Build.0 = Release|Any CPU
		{59695FB5-4155-48ED-8207-B25804B909DE}.Debug|Any CPU.ActiveCfg = Debug|Any CPU
		{59695FB5-4155-48ED-8207-B25804B909DE}.Debug|Any CPU.Build.0 = Debug|Any CPU
		{59695FB5-4155-48ED-8207-B25804B909DE}.Release|Any CPU.ActiveCfg = Release|Any CPU
		{59695FB5-4155-48ED-8207-B25804B909DE}.Release|Any CPU.Build.0 = Release|Any CPU
	EndGlobalSection
	GlobalSection(SolutionProperties) = preSolution
		HideSolutionNode = FALSE
	EndGlobalSection
EndGlobal
