
Microsoft Visual Studio Solution File, Format Version 12.00
# Visual Studio 2012
Project("{F2A71F9B-5D33-465A-A702-920D77279786}") = "WorkFlow", "WorkFlow\WorkFlow.fsproj", "{FFA5F4AA-0FE1-4D60-B6F8-F0DEBF1FC64C}"
EndProject
Project("{F2A71F9B-5D33-465A-A702-920D77279786}") = "Tests", "Tests\Tests.fsproj", "{15220EDB-C02A-4604-8E7E-6796FCA10B6F}"
	ProjectSection(ProjectDependencies) = postProject
		{FFA5F4AA-0FE1-4D60-B6F8-F0DEBF1FC64C} = {FFA5F4AA-0FE1-4D60-B6F8-F0DEBF1FC64C}
	EndProjectSection
EndProject
Global
	GlobalSection(SolutionConfigurationPlatforms) = preSolution
		Debug|Any CPU = Debug|Any CPU
		Release|Any CPU = Release|Any CPU
	EndGlobalSection
	GlobalSection(ProjectConfigurationPlatforms) = postSolution
		{FFA5F4AA-0FE1-4D60-B6F8-F0DEBF1FC64C}.Debug|Any CPU.ActiveCfg = Debug|Any CPU
		{FFA5F4AA-0FE1-4D60-B6F8-F0DEBF1FC64C}.Debug|Any CPU.Build.0 = Debug|Any CPU
		{FFA5F4AA-0FE1-4D60-B6F8-F0DEBF1FC64C}.Release|Any CPU.ActiveCfg = Release|Any CPU
		{FFA5F4AA-0FE1-4D60-B6F8-F0DEBF1FC64C}.Release|Any CPU.Build.0 = Release|Any CPU
		{15220EDB-C02A-4604-8E7E-6796FCA10B6F}.Debug|Any CPU.ActiveCfg = Debug|Any CPU
		{15220EDB-C02A-4604-8E7E-6796FCA10B6F}.Debug|Any CPU.Build.0 = Debug|Any CPU
		{15220EDB-C02A-4604-8E7E-6796FCA10B6F}.Release|Any CPU.ActiveCfg = Release|Any CPU
		{15220EDB-C02A-4604-8E7E-6796FCA10B6F}.Release|Any CPU.Build.0 = Release|Any CPU
	EndGlobalSection
	GlobalSection(SolutionProperties) = preSolution
		HideSolutionNode = FALSE
	EndGlobalSection
EndGlobal
